
Microsoft Visual Studio Solution File, Format Version 12.00
# Visual Studio Version 17
VisualStudioVersion = 17.4.33027.239
MinimumVisualStudioVersion = 10.0.40219.1
Project("{9A19103F-16F7-4668-BE54-9A1E7A4F7556}") = "GoSell.API", "GoSell.API\GoSell.API.csproj", "{2262A0AC-4E75-4EA5-AA5D-9F4DFA077C03}"
EndProject
Project("{9A19103F-16F7-4668-BE54-9A1E7A4F7556}") = "GoSell.Library", "GoSell.Library\GoSell.Library.csproj", "{9639423B-D3EF-49F5-9390-8691EBA61E6E}"
EndProject
Project("{9A19103F-16F7-4668-BE54-9A1E7A4F7556}") = "GoSell.Common", "GoSell.Common\GoSell.Common.csproj", "{446B2494-1CA4-40DC-9021-19AD917CCE38}"
EndProject
Project("{9A19103F-16F7-4668-BE54-9A1E7A4F7556}") = "ProxyClient", "ProxyClient\ProxyClient.csproj", "{9C5323F6-8E75-419E-8A2E-1C9644496A3D}"
EndProject
Project("{9A19103F-16F7-4668-BE54-9A1E7A4F7556}") = "GoSell.Affiliate.Tracking", "GoSell.Affiliate.Tracking\GoSell.Affiliate.Tracking.csproj", "{7868D6A1-D28B-48DF-A2F1-FF3BF10AC7B2}"
EndProject
Global
	GlobalSection(SolutionConfigurationPlatforms) = preSolution
		Debug|Any CPU = Debug|Any CPU
		Release|Any CPU = Release|Any CPU
	EndGlobalSection
	GlobalSection(ProjectConfigurationPlatforms) = postSolution
		{2262A0AC-4E75-4EA5-AA5D-9F4DFA077C03}.Debug|Any CPU.ActiveCfg = Debug|Any CPU
		{2262A0AC-4E75-4EA5-AA5D-9F4DFA077C03}.Debug|Any CPU.Build.0 = Debug|Any CPU
		{2262A0AC-4E75-4EA5-AA5D-9F4DFA077C03}.Release|Any CPU.ActiveCfg = Release|Any CPU
		{2262A0AC-4E75-4EA5-AA5D-9F4DFA077C03}.Release|Any CPU.Build.0 = Release|Any CPU
		{9639423B-D3EF-49F5-9390-8691EBA61E6E}.Debug|Any CPU.ActiveCfg = Debug|Any CPU
		{9639423B-D3EF-49F5-9390-8691EBA61E6E}.Debug|Any CPU.Build.0 = Debug|Any CPU
		{9639423B-D3EF-49F5-9390-8691EBA61E6E}.Release|Any CPU.ActiveCfg = Release|Any CPU
		{9639423B-D3EF-49F5-9390-8691EBA61E6E}.Release|Any CPU.Build.0 = Release|Any CPU
		{446B2494-1CA4-40DC-9021-19AD917CCE38}.Debug|Any CPU.ActiveCfg = Debug|Any CPU
		{446B2494-1CA4-40DC-9021-19AD917CCE38}.Debug|Any CPU.Build.0 = Debug|Any CPU
		{446B2494-1CA4-40DC-9021-19AD917CCE38}.Release|Any CPU.ActiveCfg = Release|Any CPU
		{446B2494-1CA4-40DC-9021-19AD917CCE38}.Release|Any CPU.Build.0 = Release|Any CPU
		{9C5323F6-8E75-419E-8A2E-1C9644496A3D}.Debug|Any CPU.ActiveCfg = Debug|Any CPU
		{9C5323F6-8E75-419E-8A2E-1C9644496A3D}.Debug|Any CPU.Build.0 = Debug|Any CPU
		{9C5323F6-8E75-419E-8A2E-1C9644496A3D}.Release|Any CPU.ActiveCfg = Release|Any CPU
		{9C5323F6-8E75-419E-8A2E-1C9644496A3D}.Release|Any CPU.Build.0 = Release|Any CPU
		{7868D6A1-D28B-48DF-A2F1-FF3BF10AC7B2}.Debug|Any CPU.ActiveCfg = Debug|Any CPU
		{7868D6A1-D28B-48DF-A2F1-FF3BF10AC7B2}.Debug|Any CPU.Build.0 = Debug|Any CPU
		{7868D6A1-D28B-48DF-A2F1-FF3BF10AC7B2}.Release|Any CPU.ActiveCfg = Release|Any CPU
		{7868D6A1-D28B-48DF-A2F1-FF3BF10AC7B2}.Release|Any CPU.Build.0 = Release|Any CPU
	EndGlobalSection
	GlobalSection(SolutionProperties) = preSolution
		HideSolutionNode = FALSE
	EndGlobalSection
	GlobalSection(ExtensibilityGlobals) = postSolution
		SolutionGuid = {25728519-5F0F-4973-8A64-0A81EB4EA8D9}
	EndGlobalSection
EndGlobal
